
Microsoft Visual Studio Solution File, Format Version 12.00
# Visual Studio Version 16
VisualStudioVersion = 16.0.29001.49
MinimumVisualStudioVersion = 10.0.40219.1
Project("{FAE04EC0-301F-11D3-BF4B-00C04F79EFBC}") = "Suma", "Suma\Suma.csproj", "{65792FD5-D545-4D86-8D02-6C78A63BA591}"
EndProject
Global
	GlobalSection(SolutionConfigurationPlatforms) = preSolution
		Debug|Any CPU = Debug|Any CPU
		Release|Any CPU = Release|Any CPU
	EndGlobalSection
	GlobalSection(ProjectConfigurationPlatforms) = postSolution
		{65792FD5-D545-4D86-8D02-6C78A63BA591}.Debug|Any CPU.ActiveCfg = Debug|Any CPU
		{65792FD5-D545-4D86-8D02-6C78A63BA591}.Debug|Any CPU.Build.0 = Debug|Any CPU
		{65792FD5-D545-4D86-8D02-6C78A63BA591}.Release|Any CPU.ActiveCfg = Release|Any CPU
		{65792FD5-D545-4D86-8D02-6C78A63BA591}.Release|Any CPU.Build.0 = Release|Any CPU
	EndGlobalSection
	GlobalSection(SolutionProperties) = preSolution
		HideSolutionNode = FALSE
	EndGlobalSection
	GlobalSection(ExtensibilityGlobals) = postSolution
		SolutionGuid = {EC5B99EC-D35E-48AC-BA17-D9408B73964F}
	EndGlobalSection
EndGlobal
